
Microsoft Visual Studio Solution File, Format Version 12.00
# Visual Studio Version 16
VisualStudioVersion = 16.0.31313.79
MinimumVisualStudioVersion = 10.0.40219.1
Project("{FAE04EC0-301F-11D3-BF4B-00C04F79EFBC}") = "EspanaCultura", "EspanaCultura.csproj", "{AA23DA0E-FEB3-456F-9E51-9DBF73EA934B}"
EndProject
Global
	GlobalSection(SolutionConfigurationPlatforms) = preSolution
		Debug|Any CPU = Debug|Any CPU
		Release|Any CPU = Release|Any CPU
	EndGlobalSection
	GlobalSection(ProjectConfigurationPlatforms) = postSolution
		{AA23DA0E-FEB3-456F-9E51-9DBF73EA934B}.Debug|Any CPU.ActiveCfg = Debug|Any CPU
		{AA23DA0E-FEB3-456F-9E51-9DBF73EA934B}.Debug|Any CPU.Build.0 = Debug|Any CPU
		{AA23DA0E-FEB3-456F-9E51-9DBF73EA934B}.Release|Any CPU.ActiveCfg = Release|Any CPU
		{AA23DA0E-FEB3-456F-9E51-9DBF73EA934B}.Release|Any CPU.Build.0 = Release|Any CPU
	EndGlobalSection
	GlobalSection(SolutionProperties) = preSolution
		HideSolutionNode = FALSE
	EndGlobalSection
	GlobalSection(ExtensibilityGlobals) = postSolution
		SolutionGuid = {F3C4931F-85FE-4606-A957-F3EFB79256EC}
	EndGlobalSection
EndGlobal
